
Microsoft Visual Studio Solution File, Format Version 12.00
# Visual Studio Version 16
VisualStudioVersion = 16.0.30804.86
MinimumVisualStudioVersion = 10.0.40219.1
Project("{FAE04EC0-301F-11D3-BF4B-00C04F79EFBC}") = "Ciklai-7 tema", "Ciklai-7 tema\Ciklai-7 tema.csproj", "{08419C68-138D-40CA-B0F1-B389E8CDAD8A}"
EndProject
Global
	GlobalSection(SolutionConfigurationPlatforms) = preSolution
		Debug|Any CPU = Debug|Any CPU
		Release|Any CPU = Release|Any CPU
	EndGlobalSection
	GlobalSection(ProjectConfigurationPlatforms) = postSolution
		{08419C68-138D-40CA-B0F1-B389E8CDAD8A}.Debug|Any CPU.ActiveCfg = Debug|Any CPU
		{08419C68-138D-40CA-B0F1-B389E8CDAD8A}.Debug|Any CPU.Build.0 = Debug|Any CPU
		{08419C68-138D-40CA-B0F1-B389E8CDAD8A}.Release|Any CPU.ActiveCfg = Release|Any CPU
		{08419C68-138D-40CA-B0F1-B389E8CDAD8A}.Release|Any CPU.Build.0 = Release|Any CPU
	EndGlobalSection
	GlobalSection(SolutionProperties) = preSolution
		HideSolutionNode = FALSE
	EndGlobalSection
	GlobalSection(ExtensibilityGlobals) = postSolution
		SolutionGuid = {E2D83C1E-EE8F-4785-B4B2-28FB8B4B59B6}
	EndGlobalSection
EndGlobal
